
Microsoft Visual Studio Solution File, Format Version 12.00
# Visual Studio 15
VisualStudioVersion = 15.0.26124.0
MinimumVisualStudioVersion = 15.0.26124.0
Project("{FAE04EC0-301F-11D3-BF4B-00C04F79EFBC}") = "API", "API\API.csproj", "{30E968DA-96FA-410E-8385-E299C2D8212D}"
EndProject
Project("{FAE04EC0-301F-11D3-BF4B-00C04F79EFBC}") = "Core", "Core\Core.csproj", "{97DBC80F-A292-4519-BC72-F172FD9FA504}"
EndProject
Project("{FAE04EC0-301F-11D3-BF4B-00C04F79EFBC}") = "Infrastructure", "Infrastructure\Infrastructure.csproj", "{ED1F3119-9392-4FAD-91EE-D8309FC6C602}"
EndProject
Global
	GlobalSection(SolutionConfigurationPlatforms) = preSolution
		Debug|Any CPU = Debug|Any CPU
		Debug|x64 = Debug|x64
		Debug|x86 = Debug|x86
		Release|Any CPU = Release|Any CPU
		Release|x64 = Release|x64
		Release|x86 = Release|x86
	EndGlobalSection
	GlobalSection(SolutionProperties) = preSolution
		HideSolutionNode = FALSE
	EndGlobalSection
	GlobalSection(ProjectConfigurationPlatforms) = postSolution
		{30E968DA-96FA-410E-8385-E299C2D8212D}.Debug|Any CPU.ActiveCfg = Debug|Any CPU
		{30E968DA-96FA-410E-8385-E299C2D8212D}.Debug|Any CPU.Build.0 = Debug|Any CPU
		{30E968DA-96FA-410E-8385-E299C2D8212D}.Debug|x64.ActiveCfg = Debug|Any CPU
		{30E968DA-96FA-410E-8385-E299C2D8212D}.Debug|x64.Build.0 = Debug|Any CPU
		{30E968DA-96FA-410E-8385-E299C2D8212D}.Debug|x86.ActiveCfg = Debug|Any CPU
		{30E968DA-96FA-410E-8385-E299C2D8212D}.Debug|x86.Build.0 = Debug|Any CPU
		{30E968DA-96FA-410E-8385-E299C2D8212D}.Release|Any CPU.ActiveCfg = Release|Any CPU
		{30E968DA-96FA-410E-8385-E299C2D8212D}.Release|Any CPU.Build.0 = Release|Any CPU
		{30E968DA-96FA-410E-8385-E299C2D8212D}.Release|x64.ActiveCfg = Release|Any CPU
		{30E968DA-96FA-410E-8385-E299C2D8212D}.Release|x64.Build.0 = Release|Any CPU
		{30E968DA-96FA-410E-8385-E299C2D8212D}.Release|x86.ActiveCfg = Release|Any CPU
		{30E968DA-96FA-410E-8385-E299C2D8212D}.Release|x86.Build.0 = Release|Any CPU
		{97DBC80F-A292-4519-BC72-F172FD9FA504}.Debug|Any CPU.ActiveCfg = Debug|Any CPU
		{97DBC80F-A292-4519-BC72-F172FD9FA504}.Debug|Any CPU.Build.0 = Debug|Any CPU
		{97DBC80F-A292-4519-BC72-F172FD9FA504}.Debug|x64.ActiveCfg = Debug|Any CPU
		{97DBC80F-A292-4519-BC72-F172FD9FA504}.Debug|x64.Build.0 = Debug|Any CPU
		{97DBC80F-A292-4519-BC72-F172FD9FA504}.Debug|x86.ActiveCfg = Debug|Any CPU
		{97DBC80F-A292-4519-BC72-F172FD9FA504}.Debug|x86.Build.0 = Debug|Any CPU
		{97DBC80F-A292-4519-BC72-F172FD9FA504}.Release|Any CPU.ActiveCfg = Release|Any CPU
		{97DBC80F-A292-4519-BC72-F172FD9FA504}.Release|Any CPU.Build.0 = Release|Any CPU
		{97DBC80F-A292-4519-BC72-F172FD9FA504}.Release|x64.ActiveCfg = Release|Any CPU
		{97DBC80F-A292-4519-BC72-F172FD9FA504}.Release|x64.Build.0 = Release|Any CPU
		{97DBC80F-A292-4519-BC72-F172FD9FA504}.Release|x86.ActiveCfg = Release|Any CPU
		{97DBC80F-A292-4519-BC72-F172FD9FA504}.Release|x86.Build.0 = Release|Any CPU
		{ED1F3119-9392-4FAD-91EE-D8309FC6C602}.Debug|Any CPU.ActiveCfg = Debug|Any CPU
		{ED1F3119-9392-4FAD-91EE-D8309FC6C602}.Debug|Any CPU.Build.0 = Debug|Any CPU
		{ED1F3119-9392-4FAD-91EE-D8309FC6C602}.Debug|x64.ActiveCfg = Debug|Any CPU
		{ED1F3119-9392-4FAD-91EE-D8309FC6C602}.Debug|x64.Build.0 = Debug|Any CPU
		{ED1F3119-9392-4FAD-91EE-D8309FC6C602}.Debug|x86.ActiveCfg = Debug|Any CPU
		{ED1F3119-9392-4FAD-91EE-D8309FC6C602}.Debug|x86.Build.0 = Debug|Any CPU
		{ED1F3119-9392-4FAD-91EE-D8309FC6C602}.Release|Any CPU.ActiveCfg = Release|Any CPU
		{ED1F3119-9392-4FAD-91EE-D8309FC6C602}.Release|Any CPU.Build.0 = Release|Any CPU
		{ED1F3119-9392-4FAD-91EE-D8309FC6C602}.Release|x64.ActiveCfg = Release|Any CPU
		{ED1F3119-9392-4FAD-91EE-D8309FC6C602}.Release|x64.Build.0 = Release|Any CPU
		{ED1F3119-9392-4FAD-91EE-D8309FC6C602}.Release|x86.ActiveCfg = Release|Any CPU
		{ED1F3119-9392-4FAD-91EE-D8309FC6C602}.Release|x86.Build.0 = Release|Any CPU
	EndGlobalSection
EndGlobal
